// !$*UTF8*$!
{
	archiveVersion = 1;
	classes = {
	};
	objectVersion = 56;
	objects = {

/* Begin PBXBuildFile section */
		384F01042AD81FBB00F34881 /* AppDelegate.swift in Sources */ = {isa = PBXBuildFile; fileRef = 384F01032AD81FBB00F34881 /* AppDelegate.swift */; };
		384F01062AD81FBB00F34881 /* DocumentBrowserViewController.swift in Sources */ = {isa = PBXBuildFile; fileRef = 384F01052AD81FBB00F34881 /* DocumentBrowserViewController.swift */; };
		384F01082AD81FBB00F34881 /* DocumentViewController.swift in Sources */ = {isa = PBXBuildFile; fileRef = 384F01072AD81FBB00F34881 /* DocumentViewController.swift */; };
		384F010A2AD81FBB00F34881 /* Document.swift in Sources */ = {isa = PBXBuildFile; fileRef = 384F01092AD81FBB00F34881 /* Document.swift */; };
		384F010D2AD81FBB00F34881 /* Main.storyboard in Resources */ = {isa = PBXBuildFile; fileRef = 384F010B2AD81FBB00F34881 /* Main.storyboard */; };
		384F010F2AD81FBE00F34881 /* Assets.xcassets in Resources */ = {isa = PBXBuildFile; fileRef = 384F010E2AD81FBE00F34881 /* Assets.xcassets */; };
		384F01122AD81FBE00F34881 /* LaunchScreen.storyboard in Resources */ = {isa = PBXBuildFile; fileRef = 384F01102AD81FBE00F34881 /* LaunchScreen.storyboard */; };
		384F011A2AD8204E00F34881 /* ImageGallery.swift in Sources */ = {isa = PBXBuildFile; fileRef = 384F01192AD8204E00F34881 /* ImageGallery.swift */; };
		384F011C2AD8207500F34881 /* Extension.swift in Sources */ = {isa = PBXBuildFile; fileRef = 384F011B2AD8207500F34881 /* Extension.swift */; };
		384F011E2AD820B000F34881 /* GarbageView.swift in Sources */ = {isa = PBXBuildFile; fileRef = 384F011D2AD820B000F34881 /* GarbageView.swift */; };
		384F01202AD820EF00F34881 /* ImageCollectionViewCell.swift in Sources */ = {isa = PBXBuildFile; fileRef = 384F011F2AD820EF00F34881 /* ImageCollectionViewCell.swift */; };
		384F01222AD8213D00F34881 /* ImageGalleryCollectionViewController.swift in Sources */ = {isa = PBXBuildFile; fileRef = 384F01212AD8213D00F34881 /* ImageGalleryCollectionViewController.swift */; };
		384F01242AD821BA00F34881 /* ImageViewController.swift in Sources */ = {isa = PBXBuildFile; fileRef = 384F01232AD821BA00F34881 /* ImageViewController.swift */; };
/* End PBXBuildFile section */

/* Begin PBXFileReference section */
		384F01002AD81FBB00F34881 /* ImageGalleryDocumentBasedApp.app */ = {isa = PBXFileReference; explicitFileType = wrapper.application; includeInIndex = 0; path = ImageGalleryDocumentBasedApp.app; sourceTree = BUILT_PRODUCTS_DIR; };
		384F01032AD81FBB00F34881 /* AppDelegate.swift */ = {isa = PBXFileReference; lastKnownFileType = sourcecode.swift; path = AppDelegate.swift; sourceTree = "<group>"; };
		384F01052AD81FBB00F34881 /* DocumentBrowserViewController.swift */ = {isa = PBXFileReference; lastKnownFileType = sourcecode.swift; path = DocumentBrowserViewController.swift; sourceTree = "<group>"; };
		384F01072AD81FBB00F34881 /* DocumentViewController.swift */ = {isa = PBXFileReference; lastKnownFileType = sourcecode.swift; path = DocumentViewController.swift; sourceTree = "<group>"; };
		384F01092AD81FBB00F34881 /* Document.swift */ = {isa = PBXFileReference; lastKnownFileType = sourcecode.swift; path = Document.swift; sourceTree = "<group>"; };
		384F010C2AD81FBB00F34881 /* Base */ = {isa = PBXFileReference; lastKnownFileType = file.storyboard; name = Base; path = Base.lproj/Main.storyboard; sourceTree = "<group>"; };
		384F010E2AD81FBE00F34881 /* Assets.xcassets */ = {isa = PBXFileReference; lastKnownFileType = folder.assetcatalog; path = Assets.xcassets; sourceTree = "<group>"; };
		384F01112AD81FBE00F34881 /* Base */ = {isa = PBXFileReference; lastKnownFileType = file.storyboard; name = Base; path = Base.lproj/LaunchScreen.storyboard; sourceTree = "<group>"; };
		384F01132AD81FBE00F34881 /* Info.plist */ = {isa = PBXFileReference; lastKnownFileType = text.plist.xml; path = Info.plist; sourceTree = "<group>"; };
		384F01192AD8204E00F34881 /* ImageGallery.swift */ = {isa = PBXFileReference; lastKnownFileType = sourcecode.swift; path = ImageGallery.swift; sourceTree = "<group>"; };
		384F011B2AD8207500F34881 /* Extension.swift */ = {isa = PBXFileReference; lastKnownFileType = sourcecode.swift; path = Extension.swift; sourceTree = "<group>"; };
		384F011D2AD820B000F34881 /* GarbageView.swift */ = {isa = PBXFileReference; lastKnownFileType = sourcecode.swift; path = GarbageView.swift; sourceTree = "<group>"; };
		384F011F2AD820EF00F34881 /* ImageCollectionViewCell.swift */ = {isa = PBXFileReference; lastKnownFileType = sourcecode.swift; path = ImageCollectionViewCell.swift; sourceTree = "<group>"; };
		384F01212AD8213D00F34881 /* ImageGalleryCollectionViewController.swift */ = {isa = PBXFileReference; lastKnownFileType = sourcecode.swift; path = ImageGalleryCollectionViewController.swift; sourceTree = "<group>"; };
		384F01232AD821BA00F34881 /* ImageViewController.swift */ = {isa = PBXFileReference; lastKnownFileType = sourcecode.swift; path = ImageViewController.swift; sourceTree = "<group>"; };
/* End PBXFileReference section */

/* Begin PBXFrameworksBuildPhase section */
		384F00FD2AD81FBB00F34881 /* Frameworks */ = {
			isa = PBXFrameworksBuildPhase;
			buildActionMask = 2147483647;
			files = (
			);
			runOnlyForDeploymentPostprocessing = 0;
		};
/* End PBXFrameworksBuildPhase section */

/* Begin PBXGroup section */
		384F00F72AD81FBB00F34881 = {
			isa = PBXGroup;
			children = (
				384F01022AD81FBB00F34881 /* ImageGalleryDocumentBasedApp */,
				384F01012AD81FBB00F34881 /* Products */,
			);
			sourceTree = "<group>";
		};
		384F01012AD81FBB00F34881 /* Products */ = {
			isa = PBXGroup;
			children = (
				384F01002AD81FBB00F34881 /* ImageGalleryDocumentBasedApp.app */,
			);
			name = Products;
			sourceTree = "<group>";
		};
		384F01022AD81FBB00F34881 /* ImageGalleryDocumentBasedApp */ = {
			isa = PBXGroup;
			children = (
				384F01032AD81FBB00F34881 /* AppDelegate.swift */,
				384F01212AD8213D00F34881 /* ImageGalleryCollectionViewController.swift */,
				384F01232AD821BA00F34881 /* ImageViewController.swift */,
				384F01052AD81FBB00F34881 /* DocumentBrowserViewController.swift */,
				384F01072AD81FBB00F34881 /* DocumentViewController.swift */,
				384F01092AD81FBB00F34881 /* Document.swift */,
				384F010B2AD81FBB00F34881 /* Main.storyboard */,
				384F01192AD8204E00F34881 /* ImageGallery.swift */,
				384F011B2AD8207500F34881 /* Extension.swift */,
				384F011D2AD820B000F34881 /* GarbageView.swift */,
				384F011F2AD820EF00F34881 /* ImageCollectionViewCell.swift */,
				384F010E2AD81FBE00F34881 /* Assets.xcassets */,
				384F01102AD81FBE00F34881 /* LaunchScreen.storyboard */,
				384F01132AD81FBE00F34881 /* Info.plist */,
			);
			path = ImageGalleryDocumentBasedApp;
			sourceTree = "<group>";
		};
/* End PBXGroup section */

/* Begin PBXNativeTarget section */
		384F00FF2AD81FBB00F34881 /* ImageGalleryDocumentBasedApp */ = {
			isa = PBXNativeTarget;
			buildConfigurationList = 384F01162AD81FBE00F34881 /* Build configuration list for PBXNativeTarget "ImageGalleryDocumentBasedApp" */;
			buildPhases = (
				384F00FC2AD81FBB00F34881 /* Sources */,
				384F00FD2AD81FBB00F34881 /* Frameworks */,
				384F00FE2AD81FBB00F34881 /* Resources */,
			);
			buildRules = (
			);
			dependencies = (
			);
			name = ImageGalleryDocumentBasedApp;
			productName = ImageGalleryDocumentBasedApp;
			productReference = 384F01002AD81FBB00F34881 /* ImageGalleryDocumentBasedApp.app */;
			productType = "com.apple.product-type.application";
		};
/* End PBXNativeTarget section */

/* Begin PBXProject section */
		384F00F82AD81FBB00F34881 /* Project object */ = {
			isa = PBXProject;
			attributes = {
				BuildIndependentTargetsInParallel = 1;
				LastSwiftUpdateCheck = 1500;
				LastUpgradeCheck = 1500;
				TargetAttributes = {
					384F00FF2AD81FBB00F34881 = {
						CreatedOnToolsVersion = 15.0;
					};
				};
			};
			buildConfigurationList = 384F00FB2AD81FBB00F34881 /* Build configuration list for PBXProject "ImageGalleryDocumentBasedApp" */;
			compatibilityVersion = "Xcode 14.0";
			developmentRegion = en;
			hasScannedForEncodings = 0;
			knownRegions = (
				en,
				Base,
			);
			mainGroup = 384F00F72AD81FBB00F34881;
			productRefGroup = 384F01012AD81FBB00F34881 /* Products */;
			projectDirPath = "";
			projectRoot = "";
			targets = (
				384F00FF2AD81FBB00F34881 /* ImageGalleryDocumentBasedApp */,
			);
		};
/* End PBXProject section */

/* Begin PBXResourcesBuildPhase section */
		384F00FE2AD81FBB00F34881 /* Resources */ = {
			isa = PBXResourcesBuildPhase;
			buildActionMask = 2147483647;
			files = (
				384F01122AD81FBE00F34881 /* LaunchScreen.storyboard in Resources */,
				384F010F2AD81FBE00F34881 /* Assets.xcassets in Resources */,
				384F010D2AD81FBB00F34881 /* Main.storyboard in Resources */,
			);
			runOnlyForDeploymentPostprocessing = 0;
		};
/* End PBXResourcesBuildPhase section */

/* Begin PBXSourcesBuildPhase section */
		384F00FC2AD81FBB00F34881 /* Sources */ = {
			isa = PBXSourcesBuildPhase;
			buildActionMask = 2147483647;
			files = (
				384F01222AD8213D00F34881 /* ImageGalleryCollectionViewController.swift in Sources */,
				384F010A2AD81FBB00F34881 /* Document.swift in Sources */,
				384F01242AD821BA00F34881 /* ImageViewController.swift in Sources */,
				384F011A2AD8204E00F34881 /* ImageGallery.swift in Sources */,
				384F01202AD820EF00F34881 /* ImageCollectionViewCell.swift in Sources */,
				384F01082AD81FBB00F34881 /* DocumentViewController.swift in Sources */,
				384F011C2AD8207500F34881 /* Extension.swift in Sources */,
				384F011E2AD820B000F34881 /* GarbageView.swift in Sources */,
				384F01062AD81FBB00F34881 /* DocumentBrowserViewController.swift in Sources */,
				384F01042AD81FBB00F34881 /* AppDelegate.swift in Sources */,
			);
			runOnlyForDeploymentPostprocessing = 0;
		};
/* End PBXSourcesBuildPhase section */

/* Begin PBXVariantGroup section */
		384F010B2AD81FBB00F34881 /* Main.storyboard */ = {
			isa = PBXVariantGroup;
			children = (
				384F010C2AD81FBB00F34881 /* Base */,
			);
			name = Main.storyboard;
			sourceTree = "<group>";
		};
		384F01102AD81FBE00F34881 /* LaunchScreen.storyboard */ = {
			isa = PBXVariantGroup;
			children = (
				384F01112AD81FBE00F34881 /* Base */,
			);
			name = LaunchScreen.storyboard;
			sourceTree = "<group>";
		};
/* End PBXVariantGroup section */

/* Begin XCBuildConfiguration section */
		384F01142AD81FBE00F34881 /* Debug */ = {
			isa = XCBuildConfiguration;
			buildSettings = {
				ALWAYS_SEARCH_USER_PATHS = NO;
				ASSETCATALOG_COMPILER_GENERATE_SWIFT_ASSET_SYMBOL_EXTENSIONS = YES;
				CLANG_ANALYZER_NONNULL = YES;
				CLANG_ANALYZER_NUMBER_OBJECT_CONVERSION = YES_AGGRESSIVE;
				CLANG_CXX_LANGUAGE_STANDARD = "gnu++20";
				CLANG_ENABLE_MODULES = YES;
				CLANG_ENABLE_OBJC_ARC = YES;
				CLANG_ENABLE_OBJC_WEAK = YES;
				CLANG_WARN_BLOCK_CAPTURE_AUTORELEASING = YES;
				CLANG_WARN_BOOL_CONVERSION = YES;
				CLANG_WARN_COMMA = YES;
				CLANG_WARN_CONSTANT_CONVERSION = YES;
				CLANG_WARN_DEPRECATED_OBJC_IMPLEMENTATIONS = YES;
				CLANG_WARN_DIRECT_OBJC_ISA_USAGE = YES_ERROR;
				CLANG_WARN_DOCUMENTATION_COMMENTS = YES;
				CLANG_WARN_EMPTY_BODY = YES;
				CLANG_WARN_ENUM_CONVERSION = YES;
				CLANG_WARN_INFINITE_RECURSION = YES;
				CLANG_WARN_INT_CONVERSION = YES;
				CLANG_WARN_NON_LITERAL_NULL_CONVERSION = YES;
				CLANG_WARN_OBJC_IMPLICIT_RETAIN_SELF = YES;
				CLANG_WARN_OBJC_LITERAL_CONVERSION = YES;
				CLANG_WARN_OBJC_ROOT_CLASS = YES_ERROR;
				CLANG_WARN_QUOTED_INCLUDE_IN_FRAMEWORK_HEADER = YES;
				CLANG_WARN_RANGE_LOOP_ANALYSIS = YES;
				CLANG_WARN_STRICT_PROTOTYPES = YES;
				CLANG_WARN_SUSPICIOUS_MOVE = YES;
				CLANG_WARN_UNGUARDED_AVAILABILITY = YES_AGGRESSIVE;
				CLANG_WARN_UNREACHABLE_CODE = YES;
				CLANG_WARN__DUPLICATE_METHOD_MATCH = YES;
				COPY_PHASE_STRIP = NO;
				DEBUG_INFORMATION_FORMAT = dwarf;
				ENABLE_STRICT_OBJC_MSGSEND = YES;
				ENABLE_TESTABILITY = YES;
				ENABLE_USER_SCRIPT_SANDBOXING = YES;
				GCC_C_LANGUAGE_STANDARD = gnu17;
				GCC_DYNAMIC_NO_PIC = NO;
				GCC_NO_COMMON_BLOCKS = YES;
				GCC_OPTIMIZATION_LEVEL = 0;
				GCC_PREPROCESSOR_DEFINITIONS = (
					"DEBUG=1",
					"$(inherited)",
				);
				GCC_WARN_64_TO_32_BIT_CONVERSION = YES;
				GCC_WARN_ABOUT_RETURN_TYPE = YES_ERROR;
				GCC_WARN_UNDECLARED_SELECTOR = YES;
				GCC_WARN_UNINITIALIZED_AUTOS = YES_AGGRESSIVE;
				GCC_WARN_UNUSED_FUNCTION = YES;
				GCC_WARN_UNUSED_VARIABLE = YES;
				IPHONEOS_DEPLOYMENT_TARGET = 17.0;
				LOCALIZATION_PREFERS_STRING_CATALOGS = YES;
				MTL_ENABLE_DEBUG_INFO = INCLUDE_SOURCE;
				MTL_FAST_MATH = YES;
				ONLY_ACTIVE_ARCH = YES;
				SDKROOT = iphoneos;
				SWIFT_ACTIVE_COMPILATION_CONDITIONS = "DEBUG $(inherited)";
				SWIFT_OPTIMIZATION_LEVEL = "-Onone";
			};
			name = Debug;
		};
		384F01152AD81FBE00F34881 /* Release */ = {
			isa = XCBuildConfiguration;
			buildSettings = {
				ALWAYS_SEARCH_USER_PATHS = NO;
				ASSETCATALOG_COMPILER_GENERATE_SWIFT_ASSET_SYMBOL_EXTENSIONS = YES;
				CLANG_ANALYZER_NONNULL = YES;
				CLANG_ANALYZER_NUMBER_OBJECT_CONVERSION = YES_AGGRESSIVE;
				CLANG_CXX_LANGUAGE_STANDARD = "gnu++20";
				CLANG_ENABLE_MODULES = YES;
				CLANG_ENABLE_OBJC_ARC = YES;
				CLANG_ENABLE_OBJC_WEAK = YES;
				CLANG_WARN_BLOCK_CAPTURE_AUTORELEASING = YES;
				CLANG_WARN_BOOL_CONVERSION = YES;
				CLANG_WARN_COMMA = YES;
				CLANG_WARN_CONSTANT_CONVERSION = YES;
				CLANG_WARN_DEPRECATED_OBJC_IMPLEMENTATIONS = YES;
				CLANG_WARN_DIRECT_OBJC_ISA_USAGE = YES_ERROR;
				CLANG_WARN_DOCUMENTATION_COMMENTS = YES;
				CLANG_WARN_EMPTY_BODY = YES;
				CLANG_WARN_ENUM_CONVERSION = YES;
				CLANG_WARN_INFINITE_RECURSION = YES;
				CLANG_WARN_INT_CONVERSION = YES;
				CLANG_WARN_NON_LITERAL_NULL_CONVERSION = YES;
				CLANG_WARN_OBJC_IMPLICIT_RETAIN_SELF = YES;
				CLANG_WARN_OBJC_LITERAL_CONVERSION = YES;
				CLANG_WARN_OBJC_ROOT_CLASS = YES_ERROR;
				CLANG_WARN_QUOTED_INCLUDE_IN_FRAMEWORK_HEADER = YES;
				CLANG_WARN_RANGE_LOOP_ANALYSIS = YES;
				CLANG_WARN_STRICT_PROTOTYPES = YES;
				CLANG_WARN_SUSPICIOUS_MOVE = YES;
				CLANG_WARN_UNGUARDED_AVAILABILITY = YES_AGGRESSIVE;
				CLANG_WARN_UNREACHABLE_CODE = YES;
				CLANG_WARN__DUPLICATE_METHOD_MATCH = YES;
				COPY_PHASE_STRIP = NO;
				DEBUG_INFORMATION_FORMAT = "dwarf-with-dsym";
				ENABLE_NS_ASSERTIONS = NO;
				ENABLE_STRICT_OBJC_MSGSEND = YES;
				ENABLE_USER_SCRIPT_SANDBOXING = YES;
				GCC_C_LANGUAGE_STANDARD = gnu17;
				GCC_NO_COMMON_BLOCKS = YES;
				GCC_WARN_64_TO_32_BIT_CONVERSION = YES;
				GCC_WARN_ABOUT_RETURN_TYPE = YES_ERROR;
				GCC_WARN_UNDECLARED_SELECTOR = YES;
				GCC_WARN_UNINITIALIZED_AUTOS = YES_AGGRESSIVE;
				GCC_WARN_UNUSED_FUNCTION = YES;
				GCC_WARN_UNUSED_VARIABLE = YES;
				IPHONEOS_DEPLOYMENT_TARGET = 17.0;
				LOCALIZATION_PREFERS_STRING_CATALOGS = YES;
				MTL_ENABLE_DEBUG_INFO = NO;
				MTL_FAST_MATH = YES;
				SDKROOT = iphoneos;
				SWIFT_COMPILATION_MODE = wholemodule;
				VALIDATE_PRODUCT = YES;
			};
			name = Release;
		};
		384F01172AD81FBE00F34881 /* Debug */ = {
			isa = XCBuildConfiguration;
			buildSettings = {
				ASSETCATALOG_COMPILER_APPICON_NAME = AppIcon;
				ASSETCATALOG_COMPILER_GLOBAL_ACCENT_COLOR_NAME = AccentColor;
				CODE_SIGN_STYLE = Automatic;
				CURRENT_PROJECT_VERSION = 1;
				GENERATE_INFOPLIST_FILE = YES;
				INFOPLIST_FILE = ImageGalleryDocumentBasedApp/Info.plist;
				INFOPLIST_KEY_UIApplicationSupportsIndirectInputEvents = YES;
				INFOPLIST_KEY_UILaunchStoryboardName = LaunchScreen;
				INFOPLIST_KEY_UIMainStoryboardFile = Main;
				INFOPLIST_KEY_UISupportedInterfaceOrientations_iPad = "UIInterfaceOrientationPortrait UIInterfaceOrientationPortraitUpsideDown UIInterfaceOrientationLandscapeLeft UIInterfaceOrientationLandscapeRight";
				INFOPLIST_KEY_UISupportedInterfaceOrientations_iPhone = "UIInterfaceOrientationPortrait UIInterfaceOrientationLandscapeLeft UIInterfaceOrientationLandscapeRight";
				INFOPLIST_KEY_UISupportsDocumentBrowser = YES;
				LD_RUNPATH_SEARCH_PATHS = (
					"$(inherited)",
					"@executable_path/Frameworks",
				);
				MARKETING_VERSION = 1.0;
				PRODUCT_BUNDLE_IDENTIFIER = Vosik.ImageGalleryDocumentBasedApp;
				PRODUCT_NAME = "$(TARGET_NAME)";
				SWIFT_EMIT_LOC_STRINGS = YES;
				SWIFT_VERSION = 5.0;
				TARGETED_DEVICE_FAMILY = "1,2";
			};
			name = Debug;
		};
		384F01182AD81FBE00F34881 /* Release */ = {
			isa = XCBuildConfiguration;
			buildSettings = {
				ASSETCATALOG_COMPILER_APPICON_NAME = AppIcon;
				ASSETCATALOG_COMPILER_GLOBAL_ACCENT_COLOR_NAME = AccentColor;
				CODE_SIGN_STYLE = Automatic;
				CURRENT_PROJECT_VERSION = 1;
				GENERATE_INFOPLIST_FILE = YES;
				INFOPLIST_FILE = ImageGalleryDocumentBasedApp/Info.plist;
				INFOPLIST_KEY_UIApplicationSupportsIndirectInputEvents = YES;
				INFOPLIST_KEY_UILaunchStoryboardName = LaunchScreen;
				INFOPLIST_KEY_UIMainStoryboardFile = Main;
				INFOPLIST_KEY_UISupportedInterfaceOrientations_iPad = "UIInterfaceOrientationPortrait UIInterfaceOrientationPortraitUpsideDown UIInterfaceOrientationLandscapeLeft UIInterfaceOrientationLandscapeRight";
				INFOPLIST_KEY_UISupportedInterfaceOrientations_iPhone = "UIInterfaceOrientationPortrait UIInterfaceOrientationLandscapeLeft UIInterfaceOrientationLandscapeRight";
				INFOPLIST_KEY_UISupportsDocumentBrowser = YES;
				LD_RUNPATH_SEARCH_PATHS = (
					"$(inherited)",
					"@executable_path/Frameworks",
				);
				MARKETING_VERSION = 1.0;
				PRODUCT_BUNDLE_IDENTIFIER = Vosik.ImageGalleryDocumentBasedApp;
				PRODUCT_NAME = "$(TARGET_NAME)";
				SWIFT_EMIT_LOC_STRINGS = YES;
				SWIFT_VERSION = 5.0;
				TARGETED_DEVICE_FAMILY = "1,2";
			};
			name = Release;
		};
/* End XCBuildConfiguration section */

/* Begin XCConfigurationList section */
		384F00FB2AD81FBB00F34881 /* Build configuration list for PBXProject "ImageGalleryDocumentBasedApp" */ = {
			isa = XCConfigurationList;
			buildConfigurations = (
				384F01142AD81FBE00F34881 /* Debug */,
				384F01152AD81FBE00F34881 /* Release */,
			);
			defaultConfigurationIsVisible = 0;
			defaultConfigurationName = Release;
		};
		384F01162AD81FBE00F34881 /* Build configuration list for PBXNativeTarget "ImageGalleryDocumentBasedApp" */ = {
			isa = XCConfigurationList;
			buildConfigurations = (
				384F01172AD81FBE00F34881 /* Debug */,
				384F01182AD81FBE00F34881 /* Release */,
			);
			defaultConfigurationIsVisible = 0;
			defaultConfigurationName = Release;
		};
/* End XCConfigurationList section */
	};
	rootObject = 384F00F82AD81FBB00F34881 /* Project object */;
}
